
Microsoft Visual Studio Solution File, Format Version 12.00
# Visual Studio 15
VisualStudioVersion = 15.0.28010.2048
MinimumVisualStudioVersion = 10.0.40219.1
Project("{FAE04EC0-301F-11D3-BF4B-00C04F79EFBC}") = "CodeWarsWeeksChallenge", "CodeWarsWeeksChalange\CodeWarsWeeksChallenge.csproj", "{CC17C1D7-A2CB-4067-8543-50135A36198C}"
EndProject
Global
	GlobalSection(SolutionConfigurationPlatforms) = preSolution
		Debug|Any CPU = Debug|Any CPU
		Release|Any CPU = Release|Any CPU
	EndGlobalSection
	GlobalSection(ProjectConfigurationPlatforms) = postSolution
		{CC17C1D7-A2CB-4067-8543-50135A36198C}.Debug|Any CPU.ActiveCfg = Debug|Any CPU
		{CC17C1D7-A2CB-4067-8543-50135A36198C}.Debug|Any CPU.Build.0 = Debug|Any CPU
		{CC17C1D7-A2CB-4067-8543-50135A36198C}.Release|Any CPU.ActiveCfg = Release|Any CPU
		{CC17C1D7-A2CB-4067-8543-50135A36198C}.Release|Any CPU.Build.0 = Release|Any CPU
	EndGlobalSection
	GlobalSection(SolutionProperties) = preSolution
		HideSolutionNode = FALSE
	EndGlobalSection
	GlobalSection(ExtensibilityGlobals) = postSolution
		SolutionGuid = {33E0942F-427D-495A-9637-9F4E7220CE53}
	EndGlobalSection
EndGlobal
